{
  "name": "omix",
  "version": "0.0.0",
  "lockfileVersion": 3,
  "requires": true,
  "packages": {
    "": {
      "name": "omix",
      "version": "0.0.0",
      "dependencies": {
        "@ffmpeg/core": "0.12.10",
        "@ffmpeg/ffmpeg": "0.12.10",
        "@ffmpeg/util": "0.12.1"
      }
    },
    "node_modules/@ffmpeg/core": {
      "version": "0.12.10",
      "resolved": "https://registry.npmjs.org/@ffmpeg/core/-/core-0.12.10.tgz",
      "integrity": "sha512-dzNplnn2Nxle2c2i2rrDhqcB19q9cglCkWnoMTDN9Q9l3PvdjZWd1HfSPjCNWc/p8Q3CT+Es9fWOR0UhAeYQZA==",
      "license": "GPL-2.0-or-later",
      "engines": {
        "node": ">=16.x"
      }
    },
    "node_modules/@ffmpeg/ffmpeg": {
      "version": "0.12.10",
      "resolved": "https://registry.npmjs.org/@ffmpeg/ffmpeg/-/ffmpeg-0.12.10.tgz",
      "integrity": "sha512-lVtk8PW8e+NUzGZhPTWj2P1J4/NyuCrbDD3O9IGpSeLYtUZKBqZO8CNj1WYGghep/MXoM8e1qVY1GztTkf8YYQ==",
      "license": "MIT",
      "dependencies": {
        "@ffmpeg/types": "^0.12.2"
      },
      "engines": {
        "node": ">=18.x"
      }
    },
    "node_modules/@ffmpeg/types": {
      "version": "0.12.4",
      "resolved": "https://registry.npmjs.org/@ffmpeg/types/-/types-0.12.4.tgz",
      "integrity": "sha512-k9vJQNBGTxE5AhYDtOYR5rO5fKsspbg51gbcwtbkw2lCdoIILzklulcjJfIDwrtn7XhDeF2M+THwJ2FGrLeV6A==",
      "license": "MIT",
      "engines": {
        "node": ">=16.x"
      }
    },
    "node_modules/@ffmpeg/util": {
      "version": "0.12.1",
      "resolved": "https://registry.npmjs.org/@ffmpeg/util/-/util-0.12.1.tgz",
      "integrity": "sha512-10jjfAKWaDyb8+nAkijcsi9wgz/y26LOc1NKJradNMyCIl6usQcBbhkjX5qhALrSBcOy6TOeksunTYa+a03qNQ==",
      "license": "MIT",
      "engines": {
        "node": ">=18.x"
      }
    }
  }
}
